
Microsoft Visual Studio Solution File, Format Version 12.00
# Visual Studio Version 17
VisualStudioVersion = 17.14.36401.2
MinimumVisualStudioVersion = 10.0.40219.1
Project("{FAE04EC0-301F-11D3-BF4B-00C04F79EFBC}") = "PantryPal.Mobile", "src\PantryPal.Mobile\PantryPal.Mobile.csproj", "{97F3C7D6-765E-44EC-AFE5-E6685E09C8B4}"
EndProject
Project("{FAE04EC0-301F-11D3-BF4B-00C04F79EFBC}") = "PantryPal.Api", "src\PantryPal.Api\PantryPal.Api.csproj", "{27F7E2AA-F5DA-4929-B3B1-390370B2117B}"
EndProject
Project("{FAE04EC0-301F-11D3-BF4B-00C04F79EFBC}") = "PantryPal.Data", "src\PantryPal.Data\PantryPal.Data.csproj", "{6AA77B95-98F0-45DF-98FA-313B0A444993}"
EndProject
Project("{FAE04EC0-301F-11D3-BF4B-00C04F79EFBC}") = "PantryPal.Api.UnitTests", "tests\PantryPal.Api.UnitTests\PantryPal.Api.UnitTests.csproj", "{94163EFA-397F-4F9C-8F5B-F282EF64F7F4}"
EndProject
Project("{FAE04EC0-301F-11D3-BF4B-00C04F79EFBC}") = "PantryPal.Mobile.UnitTests", "tests\PantryPal.Mobile.UnitTests\PantryPal.Mobile.UnitTests.csproj", "{2B662418-72FE-49FF-A1C9-30B9F376628F}"
EndProject
Global
	GlobalSection(SolutionConfigurationPlatforms) = preSolution
		Debug|Any CPU = Debug|Any CPU
		Release|Any CPU = Release|Any CPU
	EndGlobalSection
	GlobalSection(ProjectConfigurationPlatforms) = postSolution
		{97F3C7D6-765E-44EC-AFE5-E6685E09C8B4}.Debug|Any CPU.ActiveCfg = Debug|Any CPU
		{97F3C7D6-765E-44EC-AFE5-E6685E09C8B4}.Debug|Any CPU.Build.0 = Debug|Any CPU
		{97F3C7D6-765E-44EC-AFE5-E6685E09C8B4}.Debug|Any CPU.Deploy.0 = Debug|Any CPU
		{97F3C7D6-765E-44EC-AFE5-E6685E09C8B4}.Release|Any CPU.ActiveCfg = Release|Any CPU
		{97F3C7D6-765E-44EC-AFE5-E6685E09C8B4}.Release|Any CPU.Build.0 = Release|Any CPU
		{27F7E2AA-F5DA-4929-B3B1-390370B2117B}.Debug|Any CPU.ActiveCfg = Debug|Any CPU
		{27F7E2AA-F5DA-4929-B3B1-390370B2117B}.Debug|Any CPU.Build.0 = Debug|Any CPU
		{27F7E2AA-F5DA-4929-B3B1-390370B2117B}.Release|Any CPU.ActiveCfg = Release|Any CPU
		{27F7E2AA-F5DA-4929-B3B1-390370B2117B}.Release|Any CPU.Build.0 = Release|Any CPU
		{6AA77B95-98F0-45DF-98FA-313B0A444993}.Debug|Any CPU.ActiveCfg = Debug|Any CPU
		{6AA77B95-98F0-45DF-98FA-313B0A444993}.Debug|Any CPU.Build.0 = Debug|Any CPU
		{6AA77B95-98F0-45DF-98FA-313B0A444993}.Release|Any CPU.ActiveCfg = Release|Any CPU
		{6AA77B95-98F0-45DF-98FA-313B0A444993}.Release|Any CPU.Build.0 = Release|Any CPU
		{94163EFA-397F-4F9C-8F5B-F282EF64F7F4}.Debug|Any CPU.ActiveCfg = Debug|Any CPU
		{94163EFA-397F-4F9C-8F5B-F282EF64F7F4}.Debug|Any CPU.Build.0 = Debug|Any CPU
		{94163EFA-397F-4F9C-8F5B-F282EF64F7F4}.Release|Any CPU.ActiveCfg = Release|Any CPU
		{94163EFA-397F-4F9C-8F5B-F282EF64F7F4}.Release|Any CPU.Build.0 = Release|Any CPU
		{2B662418-72FE-49FF-A1C9-30B9F376628F}.Debug|Any CPU.ActiveCfg = Debug|Any CPU
		{2B662418-72FE-49FF-A1C9-30B9F376628F}.Debug|Any CPU.Build.0 = Debug|Any CPU
		{2B662418-72FE-49FF-A1C9-30B9F376628F}.Release|Any CPU.ActiveCfg = Release|Any CPU
		{2B662418-72FE-49FF-A1C9-30B9F376628F}.Release|Any CPU.Build.0 = Release|Any CPU
	EndGlobalSection
	GlobalSection(SolutionProperties) = preSolution
		HideSolutionNode = FALSE
	EndGlobalSection
	GlobalSection(ExtensibilityGlobals) = postSolution
		SolutionGuid = {260CFB82-9DB3-429E-A4E4-F906F782CDAB}
	EndGlobalSection
EndGlobal
